task: TZ-CATALOG-372
status: DONE
closed_at: 2026-08-15T11:30:00Z
implementation_sha: 3b460f4517cfae01b40722c9b4229ba7717e6552
closeout_sha: 1ba6382ef4647e860653bac92e24fe0b227ffb9b
protected_files:
  - frontend/src/app/pages/modules/modules.page.ts
  - frontend/src/app/pages/modules/modules.page.spec.ts
  - frontend/src/app/shared/services/pi-product-modules.service.ts
  - docs/pages/modules.page.md
  - docs/pages/PAGE-TZ-INDEX.md
  - docs/audits/2026-08-15-catalog-list-vitrine-parity.md
behavior: modules list/grid vitrine parity with products — photo column, filters-rail overlay, pi-modules-view-mode, PiShowcaseCard grid, composition client filter
cursor_verdict: PASS
production: not executed
