task: TZ-CATALOG-373
status: DONE
closed_at: 2026-08-15T11:25:00Z
implementation_sha: 528e3cf9fb21eb283b076893e627097a3736ffea
closeout_sha: cafd3acf
protected_files:
  - frontend/src/app/pages/materials/materials.page.ts
  - frontend/src/app/pages/materials/materials.page-373.spec.ts
  - docs/pages/materials.page.md
  - docs/pages/PAGE-TZ-INDEX.md
  - docs/audits/2026-08-15-catalog-list-vitrine-parity.md
behavior: materials list/grid toggle + filters-rail + showcase grid parity with products; pi-materials-view-mode localStorage
cursor_verdict: PASS
production: not executed
