# Lock file
Locked as of 2026-08-04 — TZ-CATALOG-316: Material FE 301 fields.

Owner: Cursor (closeout) / prior Gemini executor
Protected files:
- frontend/src/app/shared/services/materials.service.ts
- frontend/src/app/shared/services/materials.service.spec.ts
- frontend/src/app/pages/materials/material-form-dialog.component.ts
- frontend/src/app/pages/materials/material-form-dialog.component.spec.ts
- frontend/src/app/pages/materials/materials.page.ts
- frontend/src/app/pages/materials/materials.page.spec.ts
- frontend/src/app/pages/materials/materials.page-316.spec.ts
- docs/pages/materials.page.md

Unlock: only via orchestrator approval (successor TZ).
