# TZ-DOC-TABLES-304 — DONE lock
TASK: TZ-DOC-TABLES-304
OWNER: buffy-doc-tables-304
CLOSED_AT: 2026-08-09
COMMIT: pending closeout
PROTECTED_FILES:
  - backend/src/modules/registry/registry.service.ts
  - backend/src/modules/registry/registry.service.spec.ts
  - backend/src/modules/product/product.schema.ts
SUCCESSOR: none — WAVE-DOC-TABLES complete
NOTES:
  - Product fields derive from ProductSchema with explicit deny-list and label/type policy.
  - Entity source allowlist remains explicit; no admin CRUD or EAV.
  - Backend tsc, unit, e2e and lint pass; deploy not run.
