[TZ-FRONTEND-304]
STATUS: DONE
OUTCOME: DONE
SCORE: 100/100 scoped acceptance
AGENT: Buffy (freebuff)
CLOSED_AT: 2026-08-16T01:28:00+03:00
IMPLEMENTATION_COMMIT: 6490fe80
DEPLOY: NO
GATES: FE_TSC_PASS; JEST_5_SUITES_69_TESTS_PASS; ESLINT_PASS; PRETTIER_PASS; DIFF_CHECK_PASS
ARCHITECTURE: BLOCKED_BY_PRE_EXISTING_dashboard.page.ts_cross_page_imports_lines_19_26
ARCHIVE: tasks/_archive/2026-08/TZ-FRONTEND-304.done.md
