[TZ-FRONTEND-305]
STATUS: DONE
OUTCOME: DONE
SCORE: 100/100 scoped acceptance
AGENT: Buffy (freebuff)
CLOSED_AT: 2026-08-16T01:32:00+03:00
IMPLEMENTATION_COMMIT: 2f8d291d
DEPLOY: NO
GATES: FE_TSC_PASS; JEST_2_SUITES_7_TESTS_PASS; ESLINT_PASS; PRETTIER_PASS; ARCHITECTURE_CHECK_PASS_948_FILES; DIFF_CHECK_PASS
ARCHIVE: tasks/_archive/2026-08/TZ-FRONTEND-305.done.md
