TASK: TZ-FRONTEND-QA-LINT-RAW-UI-SLICE-1
OWNER: freebuff
CLOSED_AT: 2026-09-03T14:05:00Z
COMMIT: pending Q4b commit
PROTECTED_FILES:
  frontend/src/app/pages/doc-constructor/tables/table-template-dialog.component.ts
  frontend/src/app/pages/doc-constructor/texts/text-block-editor.component.ts
  frontend/src/app/pages/doc-constructor/texts/data-field-picker-dialog.component.ts
  frontend/src/app/pages/doc-constructor/builder/builder-tool-pane.component.ts
  frontend/src/app/pages/doc-constructor/builder/builder.page.ts
  frontend/src/app/pages/production/blocks/gantt-bars.component.ts
  frontend/src/app/shared/ui/card/pi-showcase-card.component.ts
  frontend/src/app/pages/commercial/proposals/proposal-create-table-editor.component.ts
  frontend/src/app/pages/commercial/proposals/proposal-product-rail.component.ts
  frontend/src/app/pages/commercial/proposals/proposal-create-inspector.component.ts
  frontend/src/app/pages/commercial/proposals/proposal-create-recipient.component.ts
  frontend/src/app/pages/commercial/proposals/proposal-create-template-center.component.ts
  frontend/src/app/pages/commercial/proposals/proposal-create-template-picker.component.ts
  frontend/src/app/pages/commercial/proposals/proposal-create-terms.component.ts
  frontend/src/app/pages/desk/manager-desk.page.ts
SUCCESSOR: TZ-FRONTEND-QA-LINT-RAW-UI-SLICE-2
NOTES: Q4b capped slice; 0 in-scope lint errors. Full legacy frontend lint remains 35 errors and 17 parked lifecycle warnings outside this lock.
