task: TZ-ORDERS-HUB-302
status: DONE
closed_at: 2026-08-15T11:30:00Z
implementation_sha: 71446d6bfb37434913450449678ce4b78e26be37
closeout_sha: 20f0db7e303a567fd5f4dd6e2986ba1358d3739a
protected_files:
  - frontend/src/app/pages/orders/orders.page.ts
  - frontend/src/app/pages/orders/orders.page.spec.ts
  - frontend/src/app/pages/orders/order-detail.page.ts
  - frontend/src/app/pages/orders/orders.service.ts
  - docs/pages/orders.page.md
  - docs/pages/PAGE-TZ-INDEX.md
  - docs/agent-checklists/TZ-ORDERS-HUB-302.md
behavior: orders list columns without total; X/Y readiness; read-only Deal/Composition expand; /proposals route fix; stopPropagation + keyboard via pi-table
cursor_verdict: PASS
production: not executed
