TZ: TZ-OPS-SITE-SMOKE-401
STATUS: DONE
EXECUTOR: DeepC 4 Pro (site walk) + cursor-composer closeout
CURSOR_VERDICT: PASS
CLOSED_AT: 2026-08-16T13:49:13+03:00
COMMIT: 5ec96518e774bf5484d959d1e393fdf5a0345fde
ARCHIVE: tasks/_archive/2026-08/TZ-OPS-SITE-SMOKE-401.done.md
JOURNAL: docs/audits/2026-08-16-site-operator-walk.md
FINDINGS: S1→NAV-303; S2→TZ-DATA-UTF8-CLEAN PARK
NEXT: NAV-303 owns S1 fix; UTF8-CLEAN stays PARK; deploy only on explicit PO command
