LOCK_MARKER
TZ: TZ-PRODUCTION-325
status: DONE
closed_at: 2026-08-15
closed_by: Buffy
archive: tasks/_archive/2026-08/TZ-PRODUCTION-325.done.md
verification: frontend tsc PASS; targeted Jest 33/33 PASS; lint PASS with existing warnings
scope: Orders rail no-pip UI, Заказчики filter, shared Gantt/date filtering
