task: TZ-SALES-374
status: DONE
closed_at: 2026-08-15T07:00:00Z
implementation_sha: 9b50bc9ec044216817fd0928c8fd3d29cb3f52e6
closeout_sha: 1b813260c4ba01f6f60f6e438770b20fb21874a9
protected_files:
  - frontend/src/app/pages/commercial/proposals/proposal-create-table-editor.component.ts
  - frontend/src/app/pages/commercial/proposals/proposal-create-inspector.component.ts
behavior: Lucide icon chrome (border/header); sheetLayout.tableHeaderFontSize + tableFontSize; row gutter chevron-only; drawer «Действия»; expand ink frame + sibling dim
cursor_verdict: PASS
production: not executed
