TZ: TZ-SALES-343
Title: КП recipient panel and recipient references
Status: DONE
Owner: Buffy / agent-d2515d7a53
Workspace: D:\\kppdf-8.0 canonical main
Archived: tasks/_archive/2026-08/TZ-SALES-343.done.md
Scope: recipient overlay, Counterparty/Person/Site refs, build rendering fields, Parameters summary
Deploy: NO
ZIP publish: NO
