task: TZ-SALES-375
status: DONE
closed_at: 2026-08-15T07:13:00Z
implementation_sha: d75e1f08c10e76077e94beb27ea5b919e5bc9d93
closeout_sha: PENDING
protected_files:
  - frontend/src/app/pages/commercial/proposals/proposal-product-rail.component.ts
  - frontend/src/app/pages/commercial/proposals/proposal-product-rail.component.spec.ts
  - frontend/src/app/pages/commercial/proposals/proposal-create.page.ts
  - frontend/src/app/pages/commercial/proposals/proposal-create.page.spec.ts
behavior: no draft-lines list («Позиции КП») in Товары flyout; qty via table editor + card «В КП»/«Ещё +N»; draftLines input kept for inKpQty
cursor_verdict: PASS
production: not executed
