TZ-UX-342 pager dead totals + KP rail
closed_at: 2026-08-16T12:35:00+03:00
keys:
  - frontend/src/app/pages/commercial/proposals/proposal-product-rail.component.ts
  - frontend/src/app/pages/commercial/proposals/proposal-product-rail.component.spec.ts
  - frontend/src/app/pages/inventory/**
  - frontend/src/app/pages/supply/supply.page.ts
  - frontend/src/app/pages/dictionaries/**
  - frontend/src/app/pages/doc-constructor/texts/texts.page.ts
  - frontend/src/app/pages/doc-constructor/tables/tables.page.ts
