# Lock file
Locked as of 2026-08-08 — TZD-30: MCP text-block drafts + category shelves.

Owner: agent-d782972d63
Protected files:
- desktop/mcp/src/text-block-tools.ts
- desktop/mcp/src/text-block-tools.test.ts
- desktop/mcp/src/tools.ts
- docs/audits/2026-08-09-org-assets-vs-ai-text-bootstrap.md

Unlock: only via orchestrator approval (successor TZD).
Deploy: NO
