# Lock file
Locked as of 2026-07-27 — TZ-142: Binary file /c/Users/user/.lmstudio/apps/bionic/projects/f8544f15-607a-44bc-b7d3-ff40bd290b23/workspace/kppdf-8.0/OrchestratorKit/TZ-142.txt matches.

Owner: Orchestrator
Protected files:
  -

Unlock: only via orchestrator approval (новое TZ-NN с пометкой «successor»).
