# TZ-90 — Dialog System Standardization lock
# TZF-00 § 5: protects files modified by this TZ from accidental edits.
# Layer 2 cross-cutting change: CSS tokens + polymorphic wrapper + service.
# Phase C/D/E (TZ-90C/D/E) will EXTEND this lock with their own protected files.

protected:                                                                # files actually modified by TZ-90A + TZ-90B
  - frontend/src/styles.css                                                # TZ-90A: 6 dialog tokens + CDK overlay overrides + animation
  - frontend/src/app/shared/ui/dialog/pi-dialog.component.ts              # TZ-90B: polymorphic 4-template x 4-width wrapper
  - frontend/src/app/shared/ui/dialog/pi-dialog.service.ts                # TZ-90B: modal-by-default + animation trigger
  - .gitignore                                                              # TZ-90B: tmp/tz9*-{commit,arch}-*.txt pattern

related_locks:
  - TZ-85-cost-calculation.lock          # TZ-85D cost-calculation-detail-dialog will be wired to polymorphic in TZ-90D
  - TZ-91-security-hardening.lock        # No overlap (auth/RBAC, unrelated zone)

future_extensions:
  - TZ-90C: 12 operational dialogs migration (Layer 3 SERIAL)
  - TZ-90D: /kit/overlays Section V + TZ-85D wiring (Layer 3 SERIAL)
  - TZ-90E: docs sync (paper-and-ink.md, add-new-page.md)
